<?xml version="1.0" encoding="utf-8"?>
<Project ToolsVersion="4.0" xmlns="http://schemas.microsoft.com/developer/msbuild/2003">
  <ItemGroup>
    <Filter Include="include">
      <UniqueIdentifier>{93995380-89BD-4b04-88EB-625FBE52EBFB}</UniqueIdentifier>
      <Extensions>h;hh;hpp;hxx;hm;inl;inc;xsd</Extensions>
    </Filter>
    <Filter Include="src">
      <UniqueIdentifier>{4FC737F1-C7A5-4376-A066-2A32D752A2FF}</UniqueIdentifier>
      <Extensions>cpp;c;cc;cxx;def;odl;idl;hpj;bat;asm;asmx</Extensions>
    </Filter>
  </ItemGroup>
  <ItemGroup>
    <ClCompile Include="src\data_collector.cpp">
      <Filter>src</Filter>
    </ClCompile>
    <ClCompile Include="src\settings.cpp">
      <Filter>src</Filter>
    </ClCompile>
    <ClCompile Include="src\analysis.cpp">
      <Filter>src</Filter>
    </ClCompile>
  </ItemGroup>
  <ItemGroup>
    <ClInclude Include="include\core\connector.h">
      <Filter>include</Filter>
    </ClInclude>
    <ClInclude Include="include\core\data_collector.h">
      <Filter>include</Filter>
    </ClInclude>
    <ClInclude Include="include\core\data_storage.h">
      <Filter>include</Filter>
    </ClInclude>
    <ClInclude Include="include\core\primitives.h">
      <Filter>include</Filter>
    </ClInclude>
    <ClInclude Include="include\core\factory.h">
      <Filter>include</Filter>
    </ClInclude>
    <ClInclude Include="include\core\settings.h">
      <Filter>include</Filter>
    </ClInclude>
    <ClInclude Include="include\core\strategy.h">
      <Filter>include</Filter>
    </ClInclude>
    <ClInclude Include="include\core\trader.h">
      <Filter>include</Filter>
    </ClInclude>
    <ClInclude Include="include\core\analysis.h">
      <Filter>include</Filter>
    </ClInclude>
  </ItemGroup>
</Project>