<?xml version="1.0" encoding="utf-8"?>
<Project ToolsVersion="4.0" xmlns="http://schemas.microsoft.com/developer/msbuild/2003">
  <ItemGroup>
    <Filter Include="include">
      <UniqueIdentifier>{93995380-89BD-4b04-88EB-625FBE52EBFB}</UniqueIdentifier>
      <Extensions>h;hh;hpp;hxx;hm;inl;inc;xsd</Extensions>
    </Filter>
    <Filter Include="src">
      <UniqueIdentifier>{4FC737F1-C7A5-4376-A066-2A32D752A2FF}</UniqueIdentifier>
      <Extensions>cpp;c;cc;cxx;def;odl;idl;hpj;bat;asm;asmx</Extensions>
    </Filter>
    <Filter Include="src\boost">
      <UniqueIdentifier>{74fdb315-1592-4c89-a6b2-c83ad838e0e2}</UniqueIdentifier>
    </Filter>
    <Filter Include="src\boost\setup">
      <UniqueIdentifier>{453c17d6-7b2d-4560-b1dc-e5ef55676864}</UniqueIdentifier>
    </Filter>
    <Filter Include="src\boost\windows">
      <UniqueIdentifier>{14dc9a16-d4c8-4150-876a-591267f4ff3e}</UniqueIdentifier>
    </Filter>
    <Filter Include="src\boost\thread">
      <UniqueIdentifier>{1456d0bb-a59a-4629-b0f6-f88f58d3492e}</UniqueIdentifier>
    </Filter>
    <Filter Include="src\boost\thread\win32">
      <UniqueIdentifier>{838acc6d-340c-4019-a494-ebaf5b1a4dc3}</UniqueIdentifier>
    </Filter>
    <Filter Include="src\boost\filesystem">
      <UniqueIdentifier>{9877becf-bae9-4840-80f9-10834a282c74}</UniqueIdentifier>
    </Filter>
  </ItemGroup>
  <ItemGroup>
    <ClInclude Include="include\logging\log.h">
      <Filter>include</Filter>
    </ClInclude>
    <ClInclude Include="..\3rdParty\boost\log\src\alignment_gap_between.hpp">
      <Filter>src\boost</Filter>
    </ClInclude>
    <ClInclude Include="..\3rdParty\boost\log\src\attribute_set_impl.hpp">
      <Filter>src\boost</Filter>
    </ClInclude>
    <ClInclude Include="..\3rdParty\boost\log\src\bit_tools.hpp">
      <Filter>src\boost</Filter>
    </ClInclude>
    <ClInclude Include="..\3rdParty\boost\log\src\default_sink.hpp">
      <Filter>src\boost</Filter>
    </ClInclude>
    <ClInclude Include="..\3rdParty\boost\log\src\id_formatting.hpp">
      <Filter>src\boost</Filter>
    </ClInclude>
    <ClInclude Include="..\3rdParty\boost\log\src\murmur3.hpp">
      <Filter>src\boost</Filter>
    </ClInclude>
    <ClInclude Include="..\3rdParty\boost\log\src\spirit_encoding.hpp">
      <Filter>src\boost</Filter>
    </ClInclude>
    <ClInclude Include="..\3rdParty\boost\log\src\stateless_allocator.hpp">
      <Filter>src\boost</Filter>
    </ClInclude>
    <ClInclude Include="..\3rdParty\boost\log\src\unique_ptr.hpp">
      <Filter>src\boost</Filter>
    </ClInclude>
    <ClInclude Include="..\3rdParty\boost\log\src\windows\auto_handle.hpp">
      <Filter>src\boost\windows</Filter>
    </ClInclude>
    <ClInclude Include="..\3rdParty\boost\log\src\windows\event_log_registry.hpp">
      <Filter>src\boost\windows</Filter>
    </ClInclude>
    <ClInclude Include="..\3rdParty\boost\log\src\windows\ipc_sync_wrappers.hpp">
      <Filter>src\boost\windows</Filter>
    </ClInclude>
    <ClInclude Include="..\3rdParty\boost\log\src\windows\mapped_shared_memory.hpp">
      <Filter>src\boost\windows</Filter>
    </ClInclude>
    <ClInclude Include="..\3rdParty\boost\log\src\windows\utf_code_conversion.hpp">
      <Filter>src\boost\windows</Filter>
    </ClInclude>
    <ClInclude Include="..\3rdParty\boost\log\src\setup\default_filter_factory.hpp">
      <Filter>src\boost\setup</Filter>
    </ClInclude>
    <ClInclude Include="..\3rdParty\boost\log\src\setup\default_formatter_factory.hpp">
      <Filter>src\boost\setup</Filter>
    </ClInclude>
    <ClInclude Include="..\3rdParty\boost\log\src\setup\parser_utils.hpp">
      <Filter>src\boost\setup</Filter>
    </ClInclude>
  </ItemGroup>
  <ItemGroup>
    <ClCompile Include="log.cpp">
      <Filter>src</Filter>
    </ClCompile>
    <ClCompile Include="..\3rdParty\boost\log\src\attribute_name.cpp">
      <Filter>src\boost</Filter>
    </ClCompile>
    <ClCompile Include="..\3rdParty\boost\log\src\attribute_set.cpp">
      <Filter>src\boost</Filter>
    </ClCompile>
    <ClCompile Include="..\3rdParty\boost\log\src\attribute_value_set.cpp">
      <Filter>src\boost</Filter>
    </ClCompile>
    <ClCompile Include="..\3rdParty\boost\log\src\code_conversion.cpp">
      <Filter>src\boost</Filter>
    </ClCompile>
    <ClCompile Include="..\3rdParty\boost\log\src\core.cpp">
      <Filter>src\boost</Filter>
    </ClCompile>
    <ClCompile Include="..\3rdParty\boost\log\src\date_time_format_parser.cpp">
      <Filter>src\boost</Filter>
    </ClCompile>
    <ClCompile Include="..\3rdParty\boost\log\src\default_attribute_names.cpp">
      <Filter>src\boost</Filter>
    </ClCompile>
    <ClCompile Include="..\3rdParty\boost\log\src\default_sink.cpp">
      <Filter>src\boost</Filter>
    </ClCompile>
    <ClCompile Include="..\3rdParty\boost\log\src\dump.cpp">
      <Filter>src\boost</Filter>
    </ClCompile>
    <ClCompile Include="..\3rdParty\boost\log\src\event.cpp">
      <Filter>src\boost</Filter>
    </ClCompile>
    <ClCompile Include="..\3rdParty\boost\log\src\exceptions.cpp">
      <Filter>src\boost</Filter>
    </ClCompile>
    <ClCompile Include="..\3rdParty\boost\log\src\format_parser.cpp">
      <Filter>src\boost</Filter>
    </ClCompile>
    <ClCompile Include="..\3rdParty\boost\log\src\global_logger_storage.cpp">
      <Filter>src\boost</Filter>
    </ClCompile>
    <ClCompile Include="..\3rdParty\boost\log\src\named_scope.cpp">
      <Filter>src\boost</Filter>
    </ClCompile>
    <ClCompile Include="..\3rdParty\boost\log\src\named_scope_format_parser.cpp">
      <Filter>src\boost</Filter>
    </ClCompile>
    <ClCompile Include="..\3rdParty\boost\log\src\once_block.cpp">
      <Filter>src\boost</Filter>
    </ClCompile>
    <ClCompile Include="..\3rdParty\boost\log\src\permissions.cpp">
      <Filter>src\boost</Filter>
    </ClCompile>
    <ClCompile Include="..\3rdParty\boost\log\src\process_id.cpp">
      <Filter>src\boost</Filter>
    </ClCompile>
    <ClCompile Include="..\3rdParty\boost\log\src\process_name.cpp">
      <Filter>src\boost</Filter>
    </ClCompile>
    <ClCompile Include="..\3rdParty\boost\log\src\record_ostream.cpp">
      <Filter>src\boost</Filter>
    </ClCompile>
    <ClCompile Include="..\3rdParty\boost\log\src\severity_level.cpp">
      <Filter>src\boost</Filter>
    </ClCompile>
    <ClCompile Include="..\3rdParty\boost\log\src\spirit_encoding.cpp">
      <Filter>src\boost</Filter>
    </ClCompile>
    <ClCompile Include="..\3rdParty\boost\log\src\syslog_backend.cpp">
      <Filter>src\boost</Filter>
    </ClCompile>
    <ClCompile Include="..\3rdParty\boost\log\src\text_file_backend.cpp">
      <Filter>src\boost</Filter>
    </ClCompile>
    <ClCompile Include="..\3rdParty\boost\log\src\text_multifile_backend.cpp">
      <Filter>src\boost</Filter>
    </ClCompile>
    <ClCompile Include="..\3rdParty\boost\log\src\text_ostream_backend.cpp">
      <Filter>src\boost</Filter>
    </ClCompile>
    <ClCompile Include="..\3rdParty\boost\log\src\thread_id.cpp">
      <Filter>src\boost</Filter>
    </ClCompile>
    <ClCompile Include="..\3rdParty\boost\log\src\thread_specific.cpp">
      <Filter>src\boost</Filter>
    </ClCompile>
    <ClCompile Include="..\3rdParty\boost\log\src\threadsafe_queue.cpp">
      <Filter>src\boost</Filter>
    </ClCompile>
    <ClCompile Include="..\3rdParty\boost\log\src\timer.cpp">
      <Filter>src\boost</Filter>
    </ClCompile>
    <ClCompile Include="..\3rdParty\boost\log\src\timestamp.cpp">
      <Filter>src\boost</Filter>
    </ClCompile>
    <ClCompile Include="..\3rdParty\boost\log\src\trivial.cpp">
      <Filter>src\boost</Filter>
    </ClCompile>
    <ClCompile Include="..\3rdParty\boost\log\src\unhandled_exception_count.cpp">
      <Filter>src\boost</Filter>
    </ClCompile>
    <ClCompile Include="..\3rdParty\boost\log\src\windows\debug_output_backend.cpp">
      <Filter>src\boost\windows</Filter>
    </ClCompile>
    <ClCompile Include="..\3rdParty\boost\log\src\windows\event_log_backend.cpp">
      <Filter>src\boost\windows</Filter>
    </ClCompile>
    <ClCompile Include="..\3rdParty\boost\log\src\windows\ipc_reliable_message_queue.cpp">
      <Filter>src\boost\windows</Filter>
    </ClCompile>
    <ClCompile Include="..\3rdParty\boost\log\src\windows\ipc_sync_wrappers.cpp">
      <Filter>src\boost\windows</Filter>
    </ClCompile>
    <ClCompile Include="..\3rdParty\boost\log\src\windows\light_rw_mutex.cpp">
      <Filter>src\boost\windows</Filter>
    </ClCompile>
    <ClCompile Include="..\3rdParty\boost\log\src\windows\mapped_shared_memory.cpp">
      <Filter>src\boost\windows</Filter>
    </ClCompile>
    <ClCompile Include="..\3rdParty\boost\log\src\windows\object_name.cpp">
      <Filter>src\boost\windows</Filter>
    </ClCompile>
    <ClCompile Include="..\3rdParty\boost\log\src\setup\default_filter_factory.cpp">
      <Filter>src\boost\setup</Filter>
    </ClCompile>
    <ClCompile Include="..\3rdParty\boost\log\src\setup\default_formatter_factory.cpp">
      <Filter>src\boost\setup</Filter>
    </ClCompile>
    <ClCompile Include="..\3rdParty\boost\log\src\setup\filter_parser.cpp">
      <Filter>src\boost\setup</Filter>
    </ClCompile>
    <ClCompile Include="..\3rdParty\boost\log\src\setup\formatter_parser.cpp">
      <Filter>src\boost\setup</Filter>
    </ClCompile>
    <ClCompile Include="..\3rdParty\boost\log\src\setup\init_from_settings.cpp">
      <Filter>src\boost\setup</Filter>
    </ClCompile>
    <ClCompile Include="..\3rdParty\boost\log\src\setup\init_from_stream.cpp">
      <Filter>src\boost\setup</Filter>
    </ClCompile>
    <ClCompile Include="..\3rdParty\boost\log\src\setup\matches_relation_factory.cpp">
      <Filter>src\boost\setup</Filter>
    </ClCompile>
    <ClCompile Include="..\3rdParty\boost\log\src\setup\parser_utils.cpp">
      <Filter>src\boost\setup</Filter>
    </ClCompile>
    <ClCompile Include="..\3rdParty\boost\log\src\setup\settings_parser.cpp">
      <Filter>src\boost\setup</Filter>
    </ClCompile>
    <ClCompile Include="..\3rdParty\boost\thread\src\future.cpp">
      <Filter>src\boost\thread</Filter>
    </ClCompile>
    <ClCompile Include="..\3rdParty\boost\thread\src\tss_null.cpp">
      <Filter>src\boost\thread</Filter>
    </ClCompile>
    <ClCompile Include="..\3rdParty\boost\thread\src\win32\thread.cpp">
      <Filter>src\boost\thread\win32</Filter>
    </ClCompile>
    <ClCompile Include="..\3rdParty\boost\thread\src\win32\tss_dll.cpp">
      <Filter>src\boost\thread\win32</Filter>
    </ClCompile>
    <ClCompile Include="..\3rdParty\boost\thread\src\win32\tss_pe.cpp">
      <Filter>src\boost\thread\win32</Filter>
    </ClCompile>
    <ClCompile Include="..\3rdParty\boost\filesystem\src\codecvt_error_category.cpp">
      <Filter>src\boost\filesystem</Filter>
    </ClCompile>
    <ClCompile Include="..\3rdParty\boost\filesystem\src\operations.cpp">
      <Filter>src\boost\filesystem</Filter>
    </ClCompile>
    <ClCompile Include="..\3rdParty\boost\filesystem\src\path.cpp">
      <Filter>src\boost\filesystem</Filter>
    </ClCompile>
    <ClCompile Include="..\3rdParty\boost\filesystem\src\path_traits.cpp">
      <Filter>src\boost\filesystem</Filter>
    </ClCompile>
    <ClCompile Include="..\3rdParty\boost\filesystem\src\portability.cpp">
      <Filter>src\boost\filesystem</Filter>
    </ClCompile>
    <ClCompile Include="..\3rdParty\boost\filesystem\src\unique_path.cpp">
      <Filter>src\boost\filesystem</Filter>
    </ClCompile>
    <ClCompile Include="..\3rdParty\boost\filesystem\src\utf8_codecvt_facet.cpp">
      <Filter>src\boost\filesystem</Filter>
    </ClCompile>
    <ClCompile Include="..\3rdParty\boost\filesystem\src\windows_file_codecvt.cpp">
      <Filter>src\boost\filesystem</Filter>
    </ClCompile>
  </ItemGroup>
  <ItemGroup>
    <None Include="..\3rdParty\boost\log\src\windows\simple_event_log.mc">
      <Filter>src\boost\windows</Filter>
    </None>
    <None Include="..\3rdParty\boost\log\src\dump_avx2.cpp">
      <Filter>src\boost</Filter>
    </None>
    <None Include="..\3rdParty\boost\log\src\dump_ssse3.cpp">
      <Filter>src\boost</Filter>
    </None>
  </ItemGroup>
</Project>