
Microsoft Visual Studio Solution File, Format Version 12.00
# Visual Studio 15
VisualStudioVersion = 15.0.26730.16
MinimumVisualStudioVersion = 10.0.40219.1
Project("{8BC9CEB8-8B4A-11D0-8D11-00A0C91BC942}") = "tbp.exe", "tbp.vcxproj", "{5646713D-6722-4BA4-BDCF-00A206AFFAB3}"
EndProject
Project("{8BC9CEB8-8B4A-11D0-8D11-00A0C91BC942}") = "sqlite", "..\..\Libraries\3rdParty\sqlite\sqlite.vcxproj", "{DCA18716-E7F0-41BA-A2B4-431049501A28}"
EndProject
Project("{2150E333-8FDC-42A3-9474-1A3956D46DE8}") = "Libraries", "Libraries", "{766B2294-A21B-477A-A402-82992456ABDA}"
EndProject
Project("{2150E333-8FDC-42A3-9474-1A3956D46DE8}") = "cpprest", "cpprest", "{D82656FF-7E3F-46F0-8CC0-E3E9D866280D}"
EndProject
Project("{8BC9CEB8-8B4A-11D0-8D11-00A0C91BC942}") = "common", "..\..\Libraries\3rdParty\cpprest_internal\Release\src\build\common.vcxitems", "{594DCB5F-07E3-4084-A2CE-268611FA629F}"
EndProject
Project("{8BC9CEB8-8B4A-11D0-8D11-00A0C91BC942}") = "win32", "..\..\Libraries\3rdParty\cpprest_internal\Release\src\build\win32.vcxitems", "{F40F4804-50F9-4257-8D74-B9CBB19AC4C3}"
EndProject
Project("{8BC9CEB8-8B4A-11D0-8D11-00A0C91BC942}") = "cpprestsdk140.static", "..\..\Libraries\3rdParty\cpprest_internal\Release\src\build\vs14.static\casablanca140.static.vcxproj", "{79C9BBEC-D7C9-4BA3-B2B3-5C3A14A9F24A}"
EndProject
Project("{8BC9CEB8-8B4A-11D0-8D11-00A0C91BC942}") = "logging", "..\..\Libraries\logging\logging.vcxproj", "{75FD1AF5-C6F2-41F2-B333-22117001124A}"
EndProject
Project("{8BC9CEB8-8B4A-11D0-8D11-00A0C91BC942}") = "win", "..\..\Libraries\win\win.vcxproj", "{3817585F-2607-4FF7-997B-60228A93721F}"
EndProject
Project("{8BC9CEB8-8B4A-11D0-8D11-00A0C91BC942}") = "tbp.core", "core\tbp.core.vcxproj", "{69C605B8-50D7-4E55-9CCB-398D2D8C38F9}"
EndProject
Project("{8BC9CEB8-8B4A-11D0-8D11-00A0C91BC942}") = "tbp.test", "test\tbp.test.vcxproj", "{EF05F735-3EAF-4C36-A34E-6BBC17843942}"
EndProject
Project("{8BC9CEB8-8B4A-11D0-8D11-00A0C91BC942}") = "oanda", "oanda\oanda.vcxproj", "{1D7A0429-F132-480B-B994-E2181FC8D228}"
EndProject
Project("{2150E333-8FDC-42A3-9474-1A3956D46DE8}") = "boost", "boost", "{3E86FC9A-D6BF-4B0D-96D6-E9258C4DDCB0}"
EndProject
Project("{8BC9CEB8-8B4A-11D0-8D11-00A0C91BC942}") = "boost.test", "..\..\Libraries\3rdParty\boost_libs\test\test.vcxproj", "{2FFC6458-0B7A-4BEE-AEAF-0301C27216F4}"
EndProject
Project("{8BC9CEB8-8B4A-11D0-8D11-00A0C91BC942}") = "boost.filesystem", "..\..\Libraries\3rdParty\boost_libs\filesystem\filesystem.vcxproj", "{91D778B4-7224-44F0-84DB-3B2F3061ED66}"
EndProject
Project("{8BC9CEB8-8B4A-11D0-8D11-00A0C91BC942}") = "boost.thread", "..\..\Libraries\3rdParty\boost_libs\thread\thread.vcxproj", "{D16C9DF5-0A70-4472-A0E6-E27B4826456D}"
EndProject
Project("{8BC9CEB8-8B4A-11D0-8D11-00A0C91BC942}") = "boost.log", "..\..\Libraries\3rdParty\boost_libs\log\log.vcxproj", "{E8559D17-860E-4446-9B23-2339C784780F}"
EndProject
Project("{8BC9CEB8-8B4A-11D0-8D11-00A0C91BC942}") = "test_helpers", "..\..\Libraries\common\test_helpers\test_helpers.vcxproj", "{75FB6708-6016-43A5-98B4-1419E098BD37}"
EndProject
Project("{8BC9CEB8-8B4A-11D0-8D11-00A0C91BC942}") = "zlib", "..\..\Libraries\3rdParty\zlib\zlib.vcxproj", "{F4DAE977-AA0F-4A08-994D-F4B3A8685F1A}"
EndProject
Global
	GlobalSection(SharedMSBuildProjectFiles) = preSolution
		..\..\Libraries\3rdParty\cpprest_internal\Release\src\build\common.vcxitems*{594dcb5f-07e3-4084-a2ce-268611fa629f}*SharedItemsImports = 9
		..\..\Libraries\3rdParty\cpprest_internal\Release\src\build\common.vcxitems*{79c9bbec-d7c9-4ba3-b2b3-5c3a14a9f24a}*SharedItemsImports = 4
		..\..\Libraries\3rdParty\cpprest_internal\Release\src\build\win32.vcxitems*{79c9bbec-d7c9-4ba3-b2b3-5c3a14a9f24a}*SharedItemsImports = 4
		..\..\Libraries\3rdParty\cpprest_internal\Release\src\build\win32.vcxitems*{f40f4804-50f9-4257-8d74-b9cbb19ac4c3}*SharedItemsImports = 9
	EndGlobalSection
	GlobalSection(SolutionConfigurationPlatforms) = preSolution
		Debug|ARM = Debug|ARM
		Debug|x64 = Debug|x64
		Debug|x86 = Debug|x86
		Release|ARM = Release|ARM
		Release|x64 = Release|x64
		Release|x86 = Release|x86
	EndGlobalSection
	GlobalSection(ProjectConfigurationPlatforms) = postSolution
		{5646713D-6722-4BA4-BDCF-00A206AFFAB3}.Debug|ARM.ActiveCfg = Debug|Win32
		{5646713D-6722-4BA4-BDCF-00A206AFFAB3}.Debug|x64.ActiveCfg = Debug|x64
		{5646713D-6722-4BA4-BDCF-00A206AFFAB3}.Debug|x64.Build.0 = Debug|x64
		{5646713D-6722-4BA4-BDCF-00A206AFFAB3}.Debug|x86.ActiveCfg = Debug|Win32
		{5646713D-6722-4BA4-BDCF-00A206AFFAB3}.Debug|x86.Build.0 = Debug|Win32
		{5646713D-6722-4BA4-BDCF-00A206AFFAB3}.Release|ARM.ActiveCfg = Release|Win32
		{5646713D-6722-4BA4-BDCF-00A206AFFAB3}.Release|x64.ActiveCfg = Release|x64
		{5646713D-6722-4BA4-BDCF-00A206AFFAB3}.Release|x64.Build.0 = Release|x64
		{5646713D-6722-4BA4-BDCF-00A206AFFAB3}.Release|x86.ActiveCfg = Release|Win32
		{5646713D-6722-4BA4-BDCF-00A206AFFAB3}.Release|x86.Build.0 = Release|Win32
		{DCA18716-E7F0-41BA-A2B4-431049501A28}.Debug|ARM.ActiveCfg = Debug|Win32
		{DCA18716-E7F0-41BA-A2B4-431049501A28}.Debug|x64.ActiveCfg = Debug|x64
		{DCA18716-E7F0-41BA-A2B4-431049501A28}.Debug|x64.Build.0 = Debug|x64
		{DCA18716-E7F0-41BA-A2B4-431049501A28}.Debug|x86.ActiveCfg = Debug|Win32
		{DCA18716-E7F0-41BA-A2B4-431049501A28}.Debug|x86.Build.0 = Debug|Win32
		{DCA18716-E7F0-41BA-A2B4-431049501A28}.Release|ARM.ActiveCfg = Release|Win32
		{DCA18716-E7F0-41BA-A2B4-431049501A28}.Release|x64.ActiveCfg = Release|x64
		{DCA18716-E7F0-41BA-A2B4-431049501A28}.Release|x64.Build.0 = Release|x64
		{DCA18716-E7F0-41BA-A2B4-431049501A28}.Release|x86.ActiveCfg = Release|Win32
		{DCA18716-E7F0-41BA-A2B4-431049501A28}.Release|x86.Build.0 = Release|Win32
		{79C9BBEC-D7C9-4BA3-B2B3-5C3A14A9F24A}.Debug|ARM.ActiveCfg = Debug|ARM
		{79C9BBEC-D7C9-4BA3-B2B3-5C3A14A9F24A}.Debug|ARM.Build.0 = Debug|ARM
		{79C9BBEC-D7C9-4BA3-B2B3-5C3A14A9F24A}.Debug|x64.ActiveCfg = Debug|x64
		{79C9BBEC-D7C9-4BA3-B2B3-5C3A14A9F24A}.Debug|x64.Build.0 = Debug|x64
		{79C9BBEC-D7C9-4BA3-B2B3-5C3A14A9F24A}.Debug|x86.ActiveCfg = Debug|Win32
		{79C9BBEC-D7C9-4BA3-B2B3-5C3A14A9F24A}.Debug|x86.Build.0 = Debug|Win32
		{79C9BBEC-D7C9-4BA3-B2B3-5C3A14A9F24A}.Release|ARM.ActiveCfg = Release|ARM
		{79C9BBEC-D7C9-4BA3-B2B3-5C3A14A9F24A}.Release|ARM.Build.0 = Release|ARM
		{79C9BBEC-D7C9-4BA3-B2B3-5C3A14A9F24A}.Release|x64.ActiveCfg = Release|x64
		{79C9BBEC-D7C9-4BA3-B2B3-5C3A14A9F24A}.Release|x64.Build.0 = Release|x64
		{79C9BBEC-D7C9-4BA3-B2B3-5C3A14A9F24A}.Release|x86.ActiveCfg = Release|Win32
		{79C9BBEC-D7C9-4BA3-B2B3-5C3A14A9F24A}.Release|x86.Build.0 = Release|Win32
		{75FD1AF5-C6F2-41F2-B333-22117001124A}.Debug|ARM.ActiveCfg = Debug|Win32
		{75FD1AF5-C6F2-41F2-B333-22117001124A}.Debug|x64.ActiveCfg = Debug|x64
		{75FD1AF5-C6F2-41F2-B333-22117001124A}.Debug|x64.Build.0 = Debug|x64
		{75FD1AF5-C6F2-41F2-B333-22117001124A}.Debug|x86.ActiveCfg = Debug|Win32
		{75FD1AF5-C6F2-41F2-B333-22117001124A}.Debug|x86.Build.0 = Debug|Win32
		{75FD1AF5-C6F2-41F2-B333-22117001124A}.Release|ARM.ActiveCfg = Release|Win32
		{75FD1AF5-C6F2-41F2-B333-22117001124A}.Release|x64.ActiveCfg = Release|x64
		{75FD1AF5-C6F2-41F2-B333-22117001124A}.Release|x64.Build.0 = Release|x64
		{75FD1AF5-C6F2-41F2-B333-22117001124A}.Release|x86.ActiveCfg = Release|Win32
		{75FD1AF5-C6F2-41F2-B333-22117001124A}.Release|x86.Build.0 = Release|Win32
		{3817585F-2607-4FF7-997B-60228A93721F}.Debug|ARM.ActiveCfg = Debug|Win32
		{3817585F-2607-4FF7-997B-60228A93721F}.Debug|x64.ActiveCfg = Debug|x64
		{3817585F-2607-4FF7-997B-60228A93721F}.Debug|x64.Build.0 = Debug|x64
		{3817585F-2607-4FF7-997B-60228A93721F}.Debug|x86.ActiveCfg = Debug|Win32
		{3817585F-2607-4FF7-997B-60228A93721F}.Debug|x86.Build.0 = Debug|Win32
		{3817585F-2607-4FF7-997B-60228A93721F}.Release|ARM.ActiveCfg = Release|Win32
		{3817585F-2607-4FF7-997B-60228A93721F}.Release|x64.ActiveCfg = Release|x64
		{3817585F-2607-4FF7-997B-60228A93721F}.Release|x64.Build.0 = Release|x64
		{3817585F-2607-4FF7-997B-60228A93721F}.Release|x86.ActiveCfg = Release|Win32
		{3817585F-2607-4FF7-997B-60228A93721F}.Release|x86.Build.0 = Release|Win32
		{69C605B8-50D7-4E55-9CCB-398D2D8C38F9}.Debug|ARM.ActiveCfg = Debug|Win32
		{69C605B8-50D7-4E55-9CCB-398D2D8C38F9}.Debug|x64.ActiveCfg = Debug|x64
		{69C605B8-50D7-4E55-9CCB-398D2D8C38F9}.Debug|x64.Build.0 = Debug|x64
		{69C605B8-50D7-4E55-9CCB-398D2D8C38F9}.Debug|x86.ActiveCfg = Debug|Win32
		{69C605B8-50D7-4E55-9CCB-398D2D8C38F9}.Debug|x86.Build.0 = Debug|Win32
		{69C605B8-50D7-4E55-9CCB-398D2D8C38F9}.Release|ARM.ActiveCfg = Release|Win32
		{69C605B8-50D7-4E55-9CCB-398D2D8C38F9}.Release|x64.ActiveCfg = Release|x64
		{69C605B8-50D7-4E55-9CCB-398D2D8C38F9}.Release|x64.Build.0 = Release|x64
		{69C605B8-50D7-4E55-9CCB-398D2D8C38F9}.Release|x86.ActiveCfg = Release|Win32
		{69C605B8-50D7-4E55-9CCB-398D2D8C38F9}.Release|x86.Build.0 = Release|Win32
		{EF05F735-3EAF-4C36-A34E-6BBC17843942}.Debug|ARM.ActiveCfg = Debug|Win32
		{EF05F735-3EAF-4C36-A34E-6BBC17843942}.Debug|x64.ActiveCfg = Debug|x64
		{EF05F735-3EAF-4C36-A34E-6BBC17843942}.Debug|x64.Build.0 = Debug|x64
		{EF05F735-3EAF-4C36-A34E-6BBC17843942}.Debug|x86.ActiveCfg = Debug|Win32
		{EF05F735-3EAF-4C36-A34E-6BBC17843942}.Debug|x86.Build.0 = Debug|Win32
		{EF05F735-3EAF-4C36-A34E-6BBC17843942}.Release|ARM.ActiveCfg = Release|Win32
		{EF05F735-3EAF-4C36-A34E-6BBC17843942}.Release|x64.ActiveCfg = Release|x64
		{EF05F735-3EAF-4C36-A34E-6BBC17843942}.Release|x64.Build.0 = Release|x64
		{EF05F735-3EAF-4C36-A34E-6BBC17843942}.Release|x86.ActiveCfg = Release|Win32
		{EF05F735-3EAF-4C36-A34E-6BBC17843942}.Release|x86.Build.0 = Release|Win32
		{1D7A0429-F132-480B-B994-E2181FC8D228}.Debug|ARM.ActiveCfg = Debug|Win32
		{1D7A0429-F132-480B-B994-E2181FC8D228}.Debug|x64.ActiveCfg = Debug|x64
		{1D7A0429-F132-480B-B994-E2181FC8D228}.Debug|x64.Build.0 = Debug|x64
		{1D7A0429-F132-480B-B994-E2181FC8D228}.Debug|x86.ActiveCfg = Debug|Win32
		{1D7A0429-F132-480B-B994-E2181FC8D228}.Debug|x86.Build.0 = Debug|Win32
		{1D7A0429-F132-480B-B994-E2181FC8D228}.Release|ARM.ActiveCfg = Release|Win32
		{1D7A0429-F132-480B-B994-E2181FC8D228}.Release|x64.ActiveCfg = Release|x64
		{1D7A0429-F132-480B-B994-E2181FC8D228}.Release|x64.Build.0 = Release|x64
		{1D7A0429-F132-480B-B994-E2181FC8D228}.Release|x86.ActiveCfg = Release|Win32
		{1D7A0429-F132-480B-B994-E2181FC8D228}.Release|x86.Build.0 = Release|Win32
		{2FFC6458-0B7A-4BEE-AEAF-0301C27216F4}.Debug|ARM.ActiveCfg = Debug|Win32
		{2FFC6458-0B7A-4BEE-AEAF-0301C27216F4}.Debug|x64.ActiveCfg = Debug|x64
		{2FFC6458-0B7A-4BEE-AEAF-0301C27216F4}.Debug|x64.Build.0 = Debug|x64
		{2FFC6458-0B7A-4BEE-AEAF-0301C27216F4}.Debug|x86.ActiveCfg = Debug|Win32
		{2FFC6458-0B7A-4BEE-AEAF-0301C27216F4}.Debug|x86.Build.0 = Debug|Win32
		{2FFC6458-0B7A-4BEE-AEAF-0301C27216F4}.Release|ARM.ActiveCfg = Release|Win32
		{2FFC6458-0B7A-4BEE-AEAF-0301C27216F4}.Release|x64.ActiveCfg = Release|x64
		{2FFC6458-0B7A-4BEE-AEAF-0301C27216F4}.Release|x64.Build.0 = Release|x64
		{2FFC6458-0B7A-4BEE-AEAF-0301C27216F4}.Release|x86.ActiveCfg = Release|Win32
		{2FFC6458-0B7A-4BEE-AEAF-0301C27216F4}.Release|x86.Build.0 = Release|Win32
		{91D778B4-7224-44F0-84DB-3B2F3061ED66}.Debug|ARM.ActiveCfg = Debug|Win32
		{91D778B4-7224-44F0-84DB-3B2F3061ED66}.Debug|x64.ActiveCfg = Debug|x64
		{91D778B4-7224-44F0-84DB-3B2F3061ED66}.Debug|x64.Build.0 = Debug|x64
		{91D778B4-7224-44F0-84DB-3B2F3061ED66}.Debug|x86.ActiveCfg = Debug|Win32
		{91D778B4-7224-44F0-84DB-3B2F3061ED66}.Debug|x86.Build.0 = Debug|Win32
		{91D778B4-7224-44F0-84DB-3B2F3061ED66}.Release|ARM.ActiveCfg = Release|Win32
		{91D778B4-7224-44F0-84DB-3B2F3061ED66}.Release|x64.ActiveCfg = Release|x64
		{91D778B4-7224-44F0-84DB-3B2F3061ED66}.Release|x64.Build.0 = Release|x64
		{91D778B4-7224-44F0-84DB-3B2F3061ED66}.Release|x86.ActiveCfg = Release|Win32
		{91D778B4-7224-44F0-84DB-3B2F3061ED66}.Release|x86.Build.0 = Release|Win32
		{D16C9DF5-0A70-4472-A0E6-E27B4826456D}.Debug|ARM.ActiveCfg = Debug|Win32
		{D16C9DF5-0A70-4472-A0E6-E27B4826456D}.Debug|x64.ActiveCfg = Debug|x64
		{D16C9DF5-0A70-4472-A0E6-E27B4826456D}.Debug|x64.Build.0 = Debug|x64
		{D16C9DF5-0A70-4472-A0E6-E27B4826456D}.Debug|x86.ActiveCfg = Debug|Win32
		{D16C9DF5-0A70-4472-A0E6-E27B4826456D}.Debug|x86.Build.0 = Debug|Win32
		{D16C9DF5-0A70-4472-A0E6-E27B4826456D}.Release|ARM.ActiveCfg = Release|Win32
		{D16C9DF5-0A70-4472-A0E6-E27B4826456D}.Release|x64.ActiveCfg = Release|x64
		{D16C9DF5-0A70-4472-A0E6-E27B4826456D}.Release|x64.Build.0 = Release|x64
		{D16C9DF5-0A70-4472-A0E6-E27B4826456D}.Release|x86.ActiveCfg = Release|Win32
		{D16C9DF5-0A70-4472-A0E6-E27B4826456D}.Release|x86.Build.0 = Release|Win32
		{E8559D17-860E-4446-9B23-2339C784780F}.Debug|ARM.ActiveCfg = Debug|Win32
		{E8559D17-860E-4446-9B23-2339C784780F}.Debug|x64.ActiveCfg = Debug|x64
		{E8559D17-860E-4446-9B23-2339C784780F}.Debug|x64.Build.0 = Debug|x64
		{E8559D17-860E-4446-9B23-2339C784780F}.Debug|x86.ActiveCfg = Debug|Win32
		{E8559D17-860E-4446-9B23-2339C784780F}.Debug|x86.Build.0 = Debug|Win32
		{E8559D17-860E-4446-9B23-2339C784780F}.Release|ARM.ActiveCfg = Release|Win32
		{E8559D17-860E-4446-9B23-2339C784780F}.Release|x64.ActiveCfg = Release|x64
		{E8559D17-860E-4446-9B23-2339C784780F}.Release|x64.Build.0 = Release|x64
		{E8559D17-860E-4446-9B23-2339C784780F}.Release|x86.ActiveCfg = Release|Win32
		{E8559D17-860E-4446-9B23-2339C784780F}.Release|x86.Build.0 = Release|Win32
		{75FB6708-6016-43A5-98B4-1419E098BD37}.Debug|ARM.ActiveCfg = Debug|Win32
		{75FB6708-6016-43A5-98B4-1419E098BD37}.Debug|x64.ActiveCfg = Debug|x64
		{75FB6708-6016-43A5-98B4-1419E098BD37}.Debug|x64.Build.0 = Debug|x64
		{75FB6708-6016-43A5-98B4-1419E098BD37}.Debug|x86.ActiveCfg = Debug|Win32
		{75FB6708-6016-43A5-98B4-1419E098BD37}.Debug|x86.Build.0 = Debug|Win32
		{75FB6708-6016-43A5-98B4-1419E098BD37}.Release|ARM.ActiveCfg = Release|Win32
		{75FB6708-6016-43A5-98B4-1419E098BD37}.Release|x64.ActiveCfg = Release|x64
		{75FB6708-6016-43A5-98B4-1419E098BD37}.Release|x64.Build.0 = Release|x64
		{75FB6708-6016-43A5-98B4-1419E098BD37}.Release|x86.ActiveCfg = Release|Win32
		{75FB6708-6016-43A5-98B4-1419E098BD37}.Release|x86.Build.0 = Release|Win32
		{F4DAE977-AA0F-4A08-994D-F4B3A8685F1A}.Debug|ARM.ActiveCfg = Debug|Win32
		{F4DAE977-AA0F-4A08-994D-F4B3A8685F1A}.Debug|x64.ActiveCfg = Debug|x64
		{F4DAE977-AA0F-4A08-994D-F4B3A8685F1A}.Debug|x64.Build.0 = Debug|x64
		{F4DAE977-AA0F-4A08-994D-F4B3A8685F1A}.Debug|x86.ActiveCfg = Debug|Win32
		{F4DAE977-AA0F-4A08-994D-F4B3A8685F1A}.Debug|x86.Build.0 = Debug|Win32
		{F4DAE977-AA0F-4A08-994D-F4B3A8685F1A}.Release|ARM.ActiveCfg = Release|Win32
		{F4DAE977-AA0F-4A08-994D-F4B3A8685F1A}.Release|x64.ActiveCfg = Release|x64
		{F4DAE977-AA0F-4A08-994D-F4B3A8685F1A}.Release|x64.Build.0 = Release|x64
		{F4DAE977-AA0F-4A08-994D-F4B3A8685F1A}.Release|x86.ActiveCfg = Release|Win32
		{F4DAE977-AA0F-4A08-994D-F4B3A8685F1A}.Release|x86.Build.0 = Release|Win32
	EndGlobalSection
	GlobalSection(SolutionProperties) = preSolution
		HideSolutionNode = FALSE
	EndGlobalSection
	GlobalSection(NestedProjects) = preSolution
		{DCA18716-E7F0-41BA-A2B4-431049501A28} = {766B2294-A21B-477A-A402-82992456ABDA}
		{D82656FF-7E3F-46F0-8CC0-E3E9D866280D} = {766B2294-A21B-477A-A402-82992456ABDA}
		{594DCB5F-07E3-4084-A2CE-268611FA629F} = {D82656FF-7E3F-46F0-8CC0-E3E9D866280D}
		{F40F4804-50F9-4257-8D74-B9CBB19AC4C3} = {D82656FF-7E3F-46F0-8CC0-E3E9D866280D}
		{79C9BBEC-D7C9-4BA3-B2B3-5C3A14A9F24A} = {D82656FF-7E3F-46F0-8CC0-E3E9D866280D}
		{75FD1AF5-C6F2-41F2-B333-22117001124A} = {766B2294-A21B-477A-A402-82992456ABDA}
		{3817585F-2607-4FF7-997B-60228A93721F} = {766B2294-A21B-477A-A402-82992456ABDA}
		{3E86FC9A-D6BF-4B0D-96D6-E9258C4DDCB0} = {766B2294-A21B-477A-A402-82992456ABDA}
		{2FFC6458-0B7A-4BEE-AEAF-0301C27216F4} = {3E86FC9A-D6BF-4B0D-96D6-E9258C4DDCB0}
		{91D778B4-7224-44F0-84DB-3B2F3061ED66} = {3E86FC9A-D6BF-4B0D-96D6-E9258C4DDCB0}
		{D16C9DF5-0A70-4472-A0E6-E27B4826456D} = {3E86FC9A-D6BF-4B0D-96D6-E9258C4DDCB0}
		{E8559D17-860E-4446-9B23-2339C784780F} = {3E86FC9A-D6BF-4B0D-96D6-E9258C4DDCB0}
		{75FB6708-6016-43A5-98B4-1419E098BD37} = {766B2294-A21B-477A-A402-82992456ABDA}
		{F4DAE977-AA0F-4A08-994D-F4B3A8685F1A} = {766B2294-A21B-477A-A402-82992456ABDA}
	EndGlobalSection
	GlobalSection(ExtensibilityGlobals) = postSolution
		SolutionGuid = {F8A79CB5-15C5-4F06-8811-1449545D63D0}
	EndGlobalSection
EndGlobal
